
Microsoft Visual Studio Solution File, Format Version 12.00
# Visual Studio 15
VisualStudioVersion = 15.0.28307.489
MinimumVisualStudioVersion = 10.0.40219.1
Project("{FAE04EC0-301F-11D3-BF4B-00C04F79EFBC}") = "dog_race_assignment", "dog_race_assignment\dog_race_assignment.csproj", "{91C16A16-55C2-48C4-A09F-B65E7C306BCF}"
EndProject
Project("{FAE04EC0-301F-11D3-BF4B-00C04F79EFBC}") = "dog_race_assignmentTests", "dog_race_assignmentTests\dog_race_assignmentTests.csproj", "{0D5A136A-A735-47B8-99FB-B8665F901878}"
EndProject
Global
	GlobalSection(SolutionConfigurationPlatforms) = preSolution
		Debug|Any CPU = Debug|Any CPU
		Release|Any CPU = Release|Any CPU
	EndGlobalSection
	GlobalSection(ProjectConfigurationPlatforms) = postSolution
		{91C16A16-55C2-48C4-A09F-B65E7C306BCF}.Debug|Any CPU.ActiveCfg = Debug|Any CPU
		{91C16A16-55C2-48C4-A09F-B65E7C306BCF}.Debug|Any CPU.Build.0 = Debug|Any CPU
		{91C16A16-55C2-48C4-A09F-B65E7C306BCF}.Release|Any CPU.ActiveCfg = Release|Any CPU
		{91C16A16-55C2-48C4-A09F-B65E7C306BCF}.Release|Any CPU.Build.0 = Release|Any CPU
		{0D5A136A-A735-47B8-99FB-B8665F901878}.Debug|Any CPU.ActiveCfg = Debug|Any CPU
		{0D5A136A-A735-47B8-99FB-B8665F901878}.Debug|Any CPU.Build.0 = Debug|Any CPU
		{0D5A136A-A735-47B8-99FB-B8665F901878}.Release|Any CPU.ActiveCfg = Release|Any CPU
		{0D5A136A-A735-47B8-99FB-B8665F901878}.Release|Any CPU.Build.0 = Release|Any CPU
	EndGlobalSection
	GlobalSection(SolutionProperties) = preSolution
		HideSolutionNode = FALSE
	EndGlobalSection
	GlobalSection(ExtensibilityGlobals) = postSolution
		SolutionGuid = {A95AF2B7-BBAF-4395-AFE4-C9DDDC0FB606}
	EndGlobalSection
EndGlobal
